
Microsoft Visual Studio Solution File, Format Version 12.00
# Visual Studio Version 17
VisualStudioVersion = 17.8.34525.116
MinimumVisualStudioVersion = 10.0.40219.1
Project("{FAE04EC0-301F-11D3-BF4B-00C04F79EFBC}") = "ADY.API", "ADY.API\ADY.API.csproj", "{3A590A6F-9AA3-4543-AF9E-C20683CB2DAA}"
EndProject
Global
	GlobalSection(SolutionConfigurationPlatforms) = preSolution
		Debug|Any CPU = Debug|Any CPU
		Release|Any CPU = Release|Any CPU
	EndGlobalSection
	GlobalSection(ProjectConfigurationPlatforms) = postSolution
		{3A590A6F-9AA3-4543-AF9E-C20683CB2DAA}.Debug|Any CPU.ActiveCfg = Debug|Any CPU
		{3A590A6F-9AA3-4543-AF9E-C20683CB2DAA}.Debug|Any CPU.Build.0 = Debug|Any CPU
		{3A590A6F-9AA3-4543-AF9E-C20683CB2DAA}.Release|Any CPU.ActiveCfg = Release|Any CPU
		{3A590A6F-9AA3-4543-AF9E-C20683CB2DAA}.Release|Any CPU.Build.0 = Release|Any CPU
	EndGlobalSection
	GlobalSection(SolutionProperties) = preSolution
		HideSolutionNode = FALSE
	EndGlobalSection
	GlobalSection(ExtensibilityGlobals) = postSolution
		SolutionGuid = {D03F0B86-8B51-4832-B029-4689E46CEE0E}
	EndGlobalSection
EndGlobal
